
Microsoft Visual Studio Solution File, Format Version 12.00
# Visual Studio Version 16
VisualStudioVersion = 16.0.29318.209
MinimumVisualStudioVersion = 10.0.40219.1
Project("{FAE04EC0-301F-11D3-BF4B-00C04F79EFBC}") = "Test PTZ Commands", "Test PTZ Commands\Test PTZ Commands.csproj", "{5C117553-7E54-419F-A77B-65EBA5D81C1F}"
EndProject
Global
	GlobalSection(SolutionConfigurationPlatforms) = preSolution
		Debug|Any CPU = Debug|Any CPU
		Release|Any CPU = Release|Any CPU
	EndGlobalSection
	GlobalSection(ProjectConfigurationPlatforms) = postSolution
		{5C117553-7E54-419F-A77B-65EBA5D81C1F}.Debug|Any CPU.ActiveCfg = Debug|Any CPU
		{5C117553-7E54-419F-A77B-65EBA5D81C1F}.Debug|Any CPU.Build.0 = Debug|Any CPU
		{5C117553-7E54-419F-A77B-65EBA5D81C1F}.Release|Any CPU.ActiveCfg = Release|Any CPU
		{5C117553-7E54-419F-A77B-65EBA5D81C1F}.Release|Any CPU.Build.0 = Release|Any CPU
	EndGlobalSection
	GlobalSection(SolutionProperties) = preSolution
		HideSolutionNode = FALSE
	EndGlobalSection
	GlobalSection(ExtensibilityGlobals) = postSolution
		SolutionGuid = {04FBCAC5-B6C4-440F-AFC1-9D699B11A009}
	EndGlobalSection
EndGlobal
